
Microsoft Visual Studio Solution File, Format Version 12.00
# Visual Studio Version 16
VisualStudioVersion = 16.0.32802.440
MinimumVisualStudioVersion = 10.0.40219.1
Project("{FAE04EC0-301F-11D3-BF4B-00C04F79EFBC}") = "Hellsinki2017", "Hellsinki2017\Hellsinki2017.csproj", "{D54DD7A1-4057-4652-8829-27AAB9F8B02F}"
EndProject
Global
	GlobalSection(SolutionConfigurationPlatforms) = preSolution
		Debug|Any CPU = Debug|Any CPU
		Release|Any CPU = Release|Any CPU
	EndGlobalSection
	GlobalSection(ProjectConfigurationPlatforms) = postSolution
		{D54DD7A1-4057-4652-8829-27AAB9F8B02F}.Debug|Any CPU.ActiveCfg = Debug|Any CPU
		{D54DD7A1-4057-4652-8829-27AAB9F8B02F}.Debug|Any CPU.Build.0 = Debug|Any CPU
		{D54DD7A1-4057-4652-8829-27AAB9F8B02F}.Release|Any CPU.ActiveCfg = Release|Any CPU
		{D54DD7A1-4057-4652-8829-27AAB9F8B02F}.Release|Any CPU.Build.0 = Release|Any CPU
	EndGlobalSection
	GlobalSection(SolutionProperties) = preSolution
		HideSolutionNode = FALSE
	EndGlobalSection
	GlobalSection(ExtensibilityGlobals) = postSolution
		SolutionGuid = {B1B686D1-4E7D-49FD-B2C0-541919F7E157}
	EndGlobalSection
EndGlobal
